<?xml version="1.0" encoding="UTF-8"?>
<Scheme
   version = "1.3">
   <BuildAction>
      <BuildActionEntries>
         <BuildActionEntry
            buildForRunning = "YES">
            <BuildableReference
               BuildableIdentifier = "primary"
               BlueprintIdentifier = "8BFD9F766B5F6652FB0FEBC2"
               BuildableName = "BOJ2562"
               BlueprintName = "BOJ2562"
               ReferencedContainer = "container:BOJ2562.xcodeproj">
            </BuildableReference>
         </BuildActionEntry>
      </BuildActionEntries>
   </BuildAction>
   <LaunchAction
      useCustomWorkingDirectory = "NO"
      buildConfiguration = "Debug"
      allowLocationSimulation = "YES">
      <BuildableProductRunnable>
         <BuildableReference
            BuildableIdentifier = "primary"
            BlueprintIdentifier = "8BFD9F766B5F6652FB0FEBC2"
            BuildableName = "BOJ2562"
            BlueprintName = "BOJ2562"
            ReferencedContainer = "container:BOJ2562.xcodeproj">
         </BuildableReference>
      </BuildableProductRunnable>
   </LaunchAction>
</Scheme>
